lockfileVersion: 5.3

specifiers:
  '@rollup/plugin-json': ^4.1.0
  nodemailer: ^6.7.2
  rollup: ^2.63.0

dependencies:
  '@rollup/plugin-json': 4.1.0_rollup@2.63.0
  nodemailer: 6.7.2
  rollup: 2.63.0

packages:

  /@rollup/plugin-json/4.1.0_rollup@2.63.0:
    resolution: {integrity: sha1-VOCYZ65pY8WThE2L16nHGClElvM=, tarball: '@rollup/plugin-json/download/@rollup/plugin-json-4.1.0.tgz'}
    peerDependencies:
      rollup: ^1.20.0 || ^2.0.0
    dependencies:
      '@rollup/pluginutils': 3.1.0_rollup@2.63.0
      rollup: 2.63.0
    dev: false

  /@rollup/pluginutils/3.1.0_rollup@2.63.0:
    resolution: {integrity: sha1-cGtFJO5tyLEDs8mVUz5a1oDAK5s=, tarball: '@rollup/pluginutils/download/@rollup/pluginutils-3.1.0.tgz'}
    engines: {node: '>= 8.0.0'}
    peerDependencies:
      rollup: ^1.20.0||^2.0.0
    dependencies:
      '@types/estree': 0.0.39
      estree-walker: 1.0.1
      picomatch: 2.3.1
      rollup: 2.63.0
    dev: false

  /@types/estree/0.0.39:
    resolution: {integrity: sha1-4Xfmme4bjCLSMXTKqnQiZEOJUJ8=, tarball: '@types/estree/download/@types/estree-0.0.39.tgz'}
    dev: false

  /estree-walker/1.0.1:
    resolution: {integrity: sha1-MbxdYSyWtwQQa0d+bdXYqhOMtwA=, tarball: estree-walker/download/estree-walker-1.0.1.tgz}
    dev: false

  /fsevents/2.3.2:
    resolution: {integrity: sha1-ilJveLj99GI7cJ4Ll1xSwkwC/Ro=, tarball: fsevents/download/fsevents-2.3.2.tgz}
    engines: {node: ^8.16.0 || ^10.6.0 || >=11.0.0}
    os: [darwin]
    requiresBuild: true
    dev: false
    optional: true

  /nodemailer/6.7.2:
    resolution: {integrity: sha512-Dz7zVwlef4k5R71fdmxwR8Q39fiboGbu3xgswkzGwczUfjp873rVxt1O46+Fh0j1ORnAC6L9+heI8uUpO6DT7Q==, tarball: nodemailer/download/nodemailer-6.7.2.tgz}
    engines: {node: '>=6.0.0'}
    dev: false

  /picomatch/2.3.1:
    resolution: {integrity: sha512-JU3teHTNjmE2VCGFzuY8EXzCDVwEqB2a8fsIvwaStHhAWJEeVd1o1QD80CU6+ZdEXXSLbSsuLwJjkCBWqRQUVA==, tarball: picomatch/download/picomatch-2.3.1.tgz}
    engines: {node: '>=8.6'}
    dev: false

  /rollup/2.63.0:
    resolution: {integrity: sha512-nps0idjmD+NXl6OREfyYXMn/dar3WGcyKn+KBzPdaLecub3x/LrId0wUcthcr8oZUAcZAR8NKcfGGFlNgGL1kQ==, tarball: rollup/download/rollup-2.63.0.tgz}
    engines: {node: '>=10.0.0'}
    hasBin: true
    optionalDependencies:
      fsevents: 2.3.2
    dev: false
